[["version","2"]]
["","git-latest",["https://github.com/dagger/eslint"],"refs/heads/main"]
["","git-latest",["https://github.com/dagger/go"],"refs/heads/main"]
["","git-latest",["https://github.com/dagger/go-sdk"],"refs/heads/main"]
["","git-latest",["https://github.com/dagger/playwright"],"refs/heads/main"]
["","git-latest",["https://github.com/dagger/typescript-sdk"],"refs/heads/main"]
["","git-sha",["https://github.com/dagger/eslint","refs/heads/main"],"35a0cc0923fdf625608afb1c2b276e00262c0f81"]
["","git-sha",["https://github.com/dagger/go","refs/heads/main"],"8d294186ba876b781ba4abd12d96735d0d0fb331"]
["","git-sha",["https://github.com/dagger/go-sdk","refs/heads/main"],"ec2d1ff3ea14032cc0ae5de842b81cea3ce8f8c1"]
["","git-sha",["https://github.com/dagger/playwright","refs/heads/main"],"7a6aa5388fcef513f037d31fb0a3251ad4025ed2"]
["","git-sha",["https://github.com/dagger/typescript-sdk","refs/heads/main"],"061b810162f05662c804003920b177e8b40b912e"]
["","oci-latest",["docker.io/library/nginx"],"1.31.4"]
["","oci-sha",["docker.io/library/golang:1.26-alpine"],"sha256:28d89ee9cc0ff9fec75c82ca201e6bf7fdf9a679d4b7b24dfa04f2bb766bb468"]
["","oci-sha",["docker.io/library/nginx:1.31.4"],"sha256:b34848eff6db786b6b1282d3a9c3fd0b5563dfb6d261df4923378b419e0d24f0"]
["","oci-sha",["docker.io/library/node:25-alpine"],"sha256:bdf2cca6fe3dabd014ea60163eca3f0f7015fbd5c7ee1b0e9ccb4ced6eb02ef4"]
["","oci-sha",["mcr.microsoft.com/playwright:v1.62.1-noble"],"sha256:dcc5531e97840b9b5e794f2814476b21571c5124a3fca2267d73041f56e7580e"]